
Microsoft Visual Studio Solution File, Format Version 12.00
# Visual Studio Version 17
VisualStudioVersion = 17.8.34309.116
MinimumVisualStudioVersion = 10.0.40219.1
Project("{FAE04EC0-301F-11D3-BF4B-00C04F79EFBC}") = "BinarySerialization", "BinarySerialization\BinarySerialization.csproj", "{279FF6DE-3D53-4A05-A873-944DC8135D85}"
EndProject
Project("{FAE04EC0-301F-11D3-BF4B-00C04F79EFBC}") = "XMLSerialization", "XMLSerialization\XMLSerialization.csproj", "{A4DA27F9-6133-4AD9-9514-AB914EBD7F82}"
EndProject
Project("{FAE04EC0-301F-11D3-BF4B-00C04F79EFBC}") = "JsonSerialization", "JsonSerialization\JsonSerialization.csproj", "{6C305EBB-65B9-4645-B48B-645984BB6407}"
EndProject
Project("{FAE04EC0-301F-11D3-BF4B-00C04F79EFBC}") = "CommonLibrary", "CommonLibrary\CommonLibrary.csproj", "{A5AAE88D-F640-4E63-9680-10616F4DDF1F}"
EndProject
Global
	GlobalSection(SolutionConfigurationPlatforms) = preSolution
		Debug|Any CPU = Debug|Any CPU
		Release|Any CPU = Release|Any CPU
	EndGlobalSection
	GlobalSection(ProjectConfigurationPlatforms) = postSolution
		{279FF6DE-3D53-4A05-A873-944DC8135D85}.Debug|Any CPU.ActiveCfg = Debug|Any CPU
		{279FF6DE-3D53-4A05-A873-944DC8135D85}.Debug|Any CPU.Build.0 = Debug|Any CPU
		{279FF6DE-3D53-4A05-A873-944DC8135D85}.Release|Any CPU.ActiveCfg = Release|Any CPU
		{279FF6DE-3D53-4A05-A873-944DC8135D85}.Release|Any CPU.Build.0 = Release|Any CPU
		{A4DA27F9-6133-4AD9-9514-AB914EBD7F82}.Debug|Any CPU.ActiveCfg = Debug|Any CPU
		{A4DA27F9-6133-4AD9-9514-AB914EBD7F82}.Debug|Any CPU.Build.0 = Debug|Any CPU
		{A4DA27F9-6133-4AD9-9514-AB914EBD7F82}.Release|Any CPU.ActiveCfg = Release|Any CPU
		{A4DA27F9-6133-4AD9-9514-AB914EBD7F82}.Release|Any CPU.Build.0 = Release|Any CPU
		{6C305EBB-65B9-4645-B48B-645984BB6407}.Debug|Any CPU.ActiveCfg = Debug|Any CPU
		{6C305EBB-65B9-4645-B48B-645984BB6407}.Debug|Any CPU.Build.0 = Debug|Any CPU
		{6C305EBB-65B9-4645-B48B-645984BB6407}.Release|Any CPU.ActiveCfg = Release|Any CPU
		{6C305EBB-65B9-4645-B48B-645984BB6407}.Release|Any CPU.Build.0 = Release|Any CPU
		{A5AAE88D-F640-4E63-9680-10616F4DDF1F}.Debug|Any CPU.ActiveCfg = Debug|Any CPU
		{A5AAE88D-F640-4E63-9680-10616F4DDF1F}.Debug|Any CPU.Build.0 = Debug|Any CPU
		{A5AAE88D-F640-4E63-9680-10616F4DDF1F}.Release|Any CPU.ActiveCfg = Release|Any CPU
		{A5AAE88D-F640-4E63-9680-10616F4DDF1F}.Release|Any CPU.Build.0 = Release|Any CPU
	EndGlobalSection
	GlobalSection(SolutionProperties) = preSolution
		HideSolutionNode = FALSE
	EndGlobalSection
	GlobalSection(ExtensibilityGlobals) = postSolution
		SolutionGuid = {2DC6B08D-CA4A-4D09-B4B9-0EBE0023C4AF}
	EndGlobalSection
EndGlobal
